
Microsoft Visual Studio Solution File, Format Version 12.00
# Visual Studio Version 17
VisualStudioVersion = 17.4.33122.133
MinimumVisualStudioVersion = 10.0.40219.1
Project("{FAE04EC0-301F-11D3-BF4B-00C04F79EFBC}") = "PokemonReviewApp", "PokemonReviewApp\PokemonReviewApp.csproj", "{0BDDBABB-5E6F-45B3-8605-5B521C901B85}"
EndProject
Global
	GlobalSection(SolutionConfigurationPlatforms) = preSolution
		Debug|Any CPU = Debug|Any CPU
		Release|Any CPU = Release|Any CPU
	EndGlobalSection
	GlobalSection(ProjectConfigurationPlatforms) = postSolution
		{0BDDBABB-5E6F-45B3-8605-5B521C901B85}.Debug|Any CPU.ActiveCfg = Debug|Any CPU
		{0BDDBABB-5E6F-45B3-8605-5B521C901B85}.Debug|Any CPU.Build.0 = Debug|Any CPU
		{0BDDBABB-5E6F-45B3-8605-5B521C901B85}.Release|Any CPU.ActiveCfg = Release|Any CPU
		{0BDDBABB-5E6F-45B3-8605-5B521C901B85}.Release|Any CPU.Build.0 = Release|Any CPU
	EndGlobalSection
	GlobalSection(SolutionProperties) = preSolution
		HideSolutionNode = FALSE
	EndGlobalSection
	GlobalSection(ExtensibilityGlobals) = postSolution
		SolutionGuid = {69A02343-6D9B-418E-9E99-042D9898B558}
	EndGlobalSection
EndGlobal
